
Microsoft Visual Studio Solution File, Format Version 12.00
# Visual Studio Version 16
VisualStudioVersion = 16.0.29123.88
MinimumVisualStudioVersion = 15.0.26124.0
Project("{2150E333-8FDC-42A3-9474-1A3956D46DE8}") = "_Notes", "_Notes", "{A7322683-5BE1-451A-A58B-B7C8DC03F598}"
	ProjectSection(SolutionItems) = preProject
		..\doc\notes.txt = ..\doc\notes.txt
		..\readme.md = ..\readme.md
	EndProjectSection
EndProject
Project("{2150E333-8FDC-42A3-9474-1A3956D46DE8}") = "3. Framework", "3. Framework", "{842310AB-97E2-4E14-84FB-393C41FA52EB}"
EndProject
Project("{2150E333-8FDC-42A3-9474-1A3956D46DE8}") = "4. Test", "4. Test", "{32367CD4-DB0E-4A54-A5A0-E397E1078846}"
EndProject
Project("{9A19103F-16F7-4668-BE54-9A1E7A4F7556}") = "StockUtilities", "StockUtilities\StockUtilities.csproj", "{ADBA1D6E-D69B-4A9F-B11A-B3B8B2981A30}"
EndProject
Project("{9A19103F-16F7-4668-BE54-9A1E7A4F7556}") = "StockUtilities.Test", "StockUtilities.Test\StockUtilities.Test.csproj", "{EF99A944-518F-4155-8C81-0CAD0539B3EA}"
EndProject
Project("{2150E333-8FDC-42A3-9474-1A3956D46DE8}") = "1. Client", "1. Client", "{9B12BB81-2D8E-41A1-AC86-FFB8B5E27E4B}"
EndProject
Project("{2150E333-8FDC-42A3-9474-1A3956D46DE8}") = "2. Service", "2. Service", "{C02A4819-4CC0-4256-A08E-DED274F914FD}"
EndProject
Project("{9A19103F-16F7-4668-BE54-9A1E7A4F7556}") = "StockPriceViewerCon", "StockPriceViewerCon\StockPriceViewerCon.csproj", "{3BADB431-ACE8-4BBC-8E32-9A72C026BA54}"
	ProjectSection(ProjectDependencies) = postProject
		{ADBA1D6E-D69B-4A9F-B11A-B3B8B2981A30} = {ADBA1D6E-D69B-4A9F-B11A-B3B8B2981A30}
		{0AA76BD8-61E6-4F7F-95A9-FB9CD63C0DC9} = {0AA76BD8-61E6-4F7F-95A9-FB9CD63C0DC9}
	EndProjectSection
EndProject
Project("{9A19103F-16F7-4668-BE54-9A1E7A4F7556}") = "StockPriceViewerWPF", "StockPriceViewerWPF\StockPriceViewerWPF.csproj", "{FD35A649-6013-494D-A120-60E838FFC8AA}"
	ProjectSection(ProjectDependencies) = postProject
		{ADBA1D6E-D69B-4A9F-B11A-B3B8B2981A30} = {ADBA1D6E-D69B-4A9F-B11A-B3B8B2981A30}
		{0AA76BD8-61E6-4F7F-95A9-FB9CD63C0DC9} = {0AA76BD8-61E6-4F7F-95A9-FB9CD63C0DC9}
	EndProjectSection
EndProject
Project("{9A19103F-16F7-4668-BE54-9A1E7A4F7556}") = "StockPriceService", "StockPriceService\StockPriceService.csproj", "{0AA76BD8-61E6-4F7F-95A9-FB9CD63C0DC9}"
EndProject
Project("{9A19103F-16F7-4668-BE54-9A1E7A4F7556}") = "StockPriceService.Test", "StockPriceService.Test\StockPriceService.Test.csproj", "{6EB56FFF-8138-4D38-99FE-4DAB4654299F}"
EndProject
Project("{9A19103F-16F7-4668-BE54-9A1E7A4F7556}") = "Kernel.Interface", "Kernel.Interface\Kernel.Interface.csproj", "{94759107-64AA-4F57-8E63-B6D6C7DDB752}"
EndProject
Project("{FAE04EC0-301F-11D3-BF4B-00C04F79EFBC}") = "StockPriceViewerWPFNet", "StockPriceViewerWPFNet\StockPriceViewerWPFNet.csproj", "{B55314B5-80D0-40E8-8875-437564EBF008}"
	ProjectSection(ProjectDependencies) = postProject
		{ADBA1D6E-D69B-4A9F-B11A-B3B8B2981A30} = {ADBA1D6E-D69B-4A9F-B11A-B3B8B2981A30}
		{0AA76BD8-61E6-4F7F-95A9-FB9CD63C0DC9} = {0AA76BD8-61E6-4F7F-95A9-FB9CD63C0DC9}
	EndProjectSection
EndProject
Global
	GlobalSection(SolutionConfigurationPlatforms) = preSolution
		Debug|Any CPU = Debug|Any CPU
		Debug|x64 = Debug|x64
		Debug|x86 = Debug|x86
		Release|Any CPU = Release|Any CPU
		Release|x64 = Release|x64
		Release|x86 = Release|x86
	EndGlobalSection
	GlobalSection(ProjectConfigurationPlatforms) = postSolution
		{ADBA1D6E-D69B-4A9F-B11A-B3B8B2981A30}.Debug|Any CPU.ActiveCfg = Debug|Any CPU
		{ADBA1D6E-D69B-4A9F-B11A-B3B8B2981A30}.Debug|Any CPU.Build.0 = Debug|Any CPU
		{ADBA1D6E-D69B-4A9F-B11A-B3B8B2981A30}.Debug|x64.ActiveCfg = Debug|Any CPU
		{ADBA1D6E-D69B-4A9F-B11A-B3B8B2981A30}.Debug|x64.Build.0 = Debug|Any CPU
		{ADBA1D6E-D69B-4A9F-B11A-B3B8B2981A30}.Debug|x86.ActiveCfg = Debug|Any CPU
		{ADBA1D6E-D69B-4A9F-B11A-B3B8B2981A30}.Debug|x86.Build.0 = Debug|Any CPU
		{ADBA1D6E-D69B-4A9F-B11A-B3B8B2981A30}.Release|Any CPU.ActiveCfg = Release|Any CPU
		{ADBA1D6E-D69B-4A9F-B11A-B3B8B2981A30}.Release|Any CPU.Build.0 = Release|Any CPU
		{ADBA1D6E-D69B-4A9F-B11A-B3B8B2981A30}.Release|x64.ActiveCfg = Release|Any CPU
		{ADBA1D6E-D69B-4A9F-B11A-B3B8B2981A30}.Release|x64.Build.0 = Release|Any CPU
		{ADBA1D6E-D69B-4A9F-B11A-B3B8B2981A30}.Release|x86.ActiveCfg = Release|Any CPU
		{ADBA1D6E-D69B-4A9F-B11A-B3B8B2981A30}.Release|x86.Build.0 = Release|Any CPU
		{EF99A944-518F-4155-8C81-0CAD0539B3EA}.Debug|Any CPU.ActiveCfg = Debug|Any CPU
		{EF99A944-518F-4155-8C81-0CAD0539B3EA}.Debug|Any CPU.Build.0 = Debug|Any CPU
		{EF99A944-518F-4155-8C81-0CAD0539B3EA}.Debug|x64.ActiveCfg = Debug|Any CPU
		{EF99A944-518F-4155-8C81-0CAD0539B3EA}.Debug|x64.Build.0 = Debug|Any CPU
		{EF99A944-518F-4155-8C81-0CAD0539B3EA}.Debug|x86.ActiveCfg = Debug|Any CPU
		{EF99A944-518F-4155-8C81-0CAD0539B3EA}.Debug|x86.Build.0 = Debug|Any CPU
		{EF99A944-518F-4155-8C81-0CAD0539B3EA}.Release|Any CPU.ActiveCfg = Release|Any CPU
		{EF99A944-518F-4155-8C81-0CAD0539B3EA}.Release|Any CPU.Build.0 = Release|Any CPU
		{EF99A944-518F-4155-8C81-0CAD0539B3EA}.Release|x64.ActiveCfg = Release|Any CPU
		{EF99A944-518F-4155-8C81-0CAD0539B3EA}.Release|x64.Build.0 = Release|Any CPU
		{EF99A944-518F-4155-8C81-0CAD0539B3EA}.Release|x86.ActiveCfg = Release|Any CPU
		{EF99A944-518F-4155-8C81-0CAD0539B3EA}.Release|x86.Build.0 = Release|Any CPU
		{3BADB431-ACE8-4BBC-8E32-9A72C026BA54}.Debug|Any CPU.ActiveCfg = Debug|Any CPU
		{3BADB431-ACE8-4BBC-8E32-9A72C026BA54}.Debug|Any CPU.Build.0 = Debug|Any CPU
		{3BADB431-ACE8-4BBC-8E32-9A72C026BA54}.Debug|x64.ActiveCfg = Debug|Any CPU
		{3BADB431-ACE8-4BBC-8E32-9A72C026BA54}.Debug|x64.Build.0 = Debug|Any CPU
		{3BADB431-ACE8-4BBC-8E32-9A72C026BA54}.Debug|x86.ActiveCfg = Debug|Any CPU
		{3BADB431-ACE8-4BBC-8E32-9A72C026BA54}.Debug|x86.Build.0 = Debug|Any CPU
		{3BADB431-ACE8-4BBC-8E32-9A72C026BA54}.Release|Any CPU.ActiveCfg = Release|Any CPU
		{3BADB431-ACE8-4BBC-8E32-9A72C026BA54}.Release|Any CPU.Build.0 = Release|Any CPU
		{3BADB431-ACE8-4BBC-8E32-9A72C026BA54}.Release|x64.ActiveCfg = Release|Any CPU
		{3BADB431-ACE8-4BBC-8E32-9A72C026BA54}.Release|x64.Build.0 = Release|Any CPU
		{3BADB431-ACE8-4BBC-8E32-9A72C026BA54}.Release|x86.ActiveCfg = Release|Any CPU
		{3BADB431-ACE8-4BBC-8E32-9A72C026BA54}.Release|x86.Build.0 = Release|Any CPU
		{FD35A649-6013-494D-A120-60E838FFC8AA}.Debug|Any CPU.ActiveCfg = Debug|Any CPU
		{FD35A649-6013-494D-A120-60E838FFC8AA}.Debug|Any CPU.Build.0 = Debug|Any CPU
		{FD35A649-6013-494D-A120-60E838FFC8AA}.Debug|x64.ActiveCfg = Debug|Any CPU
		{FD35A649-6013-494D-A120-60E838FFC8AA}.Debug|x64.Build.0 = Debug|Any CPU
		{FD35A649-6013-494D-A120-60E838FFC8AA}.Debug|x86.ActiveCfg = Debug|Any CPU
		{FD35A649-6013-494D-A120-60E838FFC8AA}.Debug|x86.Build.0 = Debug|Any CPU
		{FD35A649-6013-494D-A120-60E838FFC8AA}.Release|Any CPU.ActiveCfg = Release|Any CPU
		{FD35A649-6013-494D-A120-60E838FFC8AA}.Release|Any CPU.Build.0 = Release|Any CPU
		{FD35A649-6013-494D-A120-60E838FFC8AA}.Release|x64.ActiveCfg = Release|Any CPU
		{FD35A649-6013-494D-A120-60E838FFC8AA}.Release|x64.Build.0 = Release|Any CPU
		{FD35A649-6013-494D-A120-60E838FFC8AA}.Release|x86.ActiveCfg = Release|Any CPU
		{FD35A649-6013-494D-A120-60E838FFC8AA}.Release|x86.Build.0 = Release|Any CPU
		{0AA76BD8-61E6-4F7F-95A9-FB9CD63C0DC9}.Debug|Any CPU.ActiveCfg = Debug|Any CPU
		{0AA76BD8-61E6-4F7F-95A9-FB9CD63C0DC9}.Debug|Any CPU.Build.0 = Debug|Any CPU
		{0AA76BD8-61E6-4F7F-95A9-FB9CD63C0DC9}.Debug|x64.ActiveCfg = Debug|Any CPU
		{0AA76BD8-61E6-4F7F-95A9-FB9CD63C0DC9}.Debug|x64.Build.0 = Debug|Any CPU
		{0AA76BD8-61E6-4F7F-95A9-FB9CD63C0DC9}.Debug|x86.ActiveCfg = Debug|Any CPU
		{0AA76BD8-61E6-4F7F-95A9-FB9CD63C0DC9}.Debug|x86.Build.0 = Debug|Any CPU
		{0AA76BD8-61E6-4F7F-95A9-FB9CD63C0DC9}.Release|Any CPU.ActiveCfg = Release|Any CPU
		{0AA76BD8-61E6-4F7F-95A9-FB9CD63C0DC9}.Release|Any CPU.Build.0 = Release|Any CPU
		{0AA76BD8-61E6-4F7F-95A9-FB9CD63C0DC9}.Release|x64.ActiveCfg = Release|Any CPU
		{0AA76BD8-61E6-4F7F-95A9-FB9CD63C0DC9}.Release|x64.Build.0 = Release|Any CPU
		{0AA76BD8-61E6-4F7F-95A9-FB9CD63C0DC9}.Release|x86.ActiveCfg = Release|Any CPU
		{0AA76BD8-61E6-4F7F-95A9-FB9CD63C0DC9}.Release|x86.Build.0 = Release|Any CPU
		{6EB56FFF-8138-4D38-99FE-4DAB4654299F}.Debug|Any CPU.ActiveCfg = Debug|Any CPU
		{6EB56FFF-8138-4D38-99FE-4DAB4654299F}.Debug|Any CPU.Build.0 = Debug|Any CPU
		{6EB56FFF-8138-4D38-99FE-4DAB4654299F}.Debug|x64.ActiveCfg = Debug|Any CPU
		{6EB56FFF-8138-4D38-99FE-4DAB4654299F}.Debug|x64.Build.0 = Debug|Any CPU
		{6EB56FFF-8138-4D38-99FE-4DAB4654299F}.Debug|x86.ActiveCfg = Debug|Any CPU
		{6EB56FFF-8138-4D38-99FE-4DAB4654299F}.Debug|x86.Build.0 = Debug|Any CPU
		{6EB56FFF-8138-4D38-99FE-4DAB4654299F}.Release|Any CPU.ActiveCfg = Release|Any CPU
		{6EB56FFF-8138-4D38-99FE-4DAB4654299F}.Release|Any CPU.Build.0 = Release|Any CPU
		{6EB56FFF-8138-4D38-99FE-4DAB4654299F}.Release|x64.ActiveCfg = Release|Any CPU
		{6EB56FFF-8138-4D38-99FE-4DAB4654299F}.Release|x64.Build.0 = Release|Any CPU
		{6EB56FFF-8138-4D38-99FE-4DAB4654299F}.Release|x86.ActiveCfg = Release|Any CPU
		{6EB56FFF-8138-4D38-99FE-4DAB4654299F}.Release|x86.Build.0 = Release|Any CPU
		{94759107-64AA-4F57-8E63-B6D6C7DDB752}.Debug|Any CPU.ActiveCfg = Debug|Any CPU
		{94759107-64AA-4F57-8E63-B6D6C7DDB752}.Debug|Any CPU.Build.0 = Debug|Any CPU
		{94759107-64AA-4F57-8E63-B6D6C7DDB752}.Debug|x64.ActiveCfg = Debug|Any CPU
		{94759107-64AA-4F57-8E63-B6D6C7DDB752}.Debug|x64.Build.0 = Debug|Any CPU
		{94759107-64AA-4F57-8E63-B6D6C7DDB752}.Debug|x86.ActiveCfg = Debug|Any CPU
		{94759107-64AA-4F57-8E63-B6D6C7DDB752}.Debug|x86.Build.0 = Debug|Any CPU
		{94759107-64AA-4F57-8E63-B6D6C7DDB752}.Release|Any CPU.ActiveCfg = Release|Any CPU
		{94759107-64AA-4F57-8E63-B6D6C7DDB752}.Release|Any CPU.Build.0 = Release|Any CPU
		{94759107-64AA-4F57-8E63-B6D6C7DDB752}.Release|x64.ActiveCfg = Release|Any CPU
		{94759107-64AA-4F57-8E63-B6D6C7DDB752}.Release|x64.Build.0 = Release|Any CPU
		{94759107-64AA-4F57-8E63-B6D6C7DDB752}.Release|x86.ActiveCfg = Release|Any CPU
		{94759107-64AA-4F57-8E63-B6D6C7DDB752}.Release|x86.Build.0 = Release|Any CPU
		{B55314B5-80D0-40E8-8875-437564EBF008}.Debug|Any CPU.ActiveCfg = Debug|Any CPU
		{B55314B5-80D0-40E8-8875-437564EBF008}.Debug|Any CPU.Build.0 = Debug|Any CPU
		{B55314B5-80D0-40E8-8875-437564EBF008}.Debug|x64.ActiveCfg = Debug|Any CPU
		{B55314B5-80D0-40E8-8875-437564EBF008}.Debug|x64.Build.0 = Debug|Any CPU
		{B55314B5-80D0-40E8-8875-437564EBF008}.Debug|x86.ActiveCfg = Debug|Any CPU
		{B55314B5-80D0-40E8-8875-437564EBF008}.Debug|x86.Build.0 = Debug|Any CPU
		{B55314B5-80D0-40E8-8875-437564EBF008}.Release|Any CPU.ActiveCfg = Release|Any CPU
		{B55314B5-80D0-40E8-8875-437564EBF008}.Release|Any CPU.Build.0 = Release|Any CPU
		{B55314B5-80D0-40E8-8875-437564EBF008}.Release|x64.ActiveCfg = Release|Any CPU
		{B55314B5-80D0-40E8-8875-437564EBF008}.Release|x64.Build.0 = Release|Any CPU
		{B55314B5-80D0-40E8-8875-437564EBF008}.Release|x86.ActiveCfg = Release|Any CPU
		{B55314B5-80D0-40E8-8875-437564EBF008}.Release|x86.Build.0 = Release|Any CPU
	EndGlobalSection
	GlobalSection(SolutionProperties) = preSolution
		HideSolutionNode = FALSE
	EndGlobalSection
	GlobalSection(NestedProjects) = preSolution
		{ADBA1D6E-D69B-4A9F-B11A-B3B8B2981A30} = {842310AB-97E2-4E14-84FB-393C41FA52EB}
		{EF99A944-518F-4155-8C81-0CAD0539B3EA} = {32367CD4-DB0E-4A54-A5A0-E397E1078846}
		{3BADB431-ACE8-4BBC-8E32-9A72C026BA54} = {9B12BB81-2D8E-41A1-AC86-FFB8B5E27E4B}
		{FD35A649-6013-494D-A120-60E838FFC8AA} = {9B12BB81-2D8E-41A1-AC86-FFB8B5E27E4B}
		{0AA76BD8-61E6-4F7F-95A9-FB9CD63C0DC9} = {C02A4819-4CC0-4256-A08E-DED274F914FD}
		{6EB56FFF-8138-4D38-99FE-4DAB4654299F} = {32367CD4-DB0E-4A54-A5A0-E397E1078846}
		{94759107-64AA-4F57-8E63-B6D6C7DDB752} = {842310AB-97E2-4E14-84FB-393C41FA52EB}
		{B55314B5-80D0-40E8-8875-437564EBF008} = {9B12BB81-2D8E-41A1-AC86-FFB8B5E27E4B}
	EndGlobalSection
	GlobalSection(ExtensibilityGlobals) = postSolution
		SolutionGuid = {28E470A0-F1DF-4003-B468-B81442AFAE0D}
	EndGlobalSection
EndGlobal
